// !$*UTF8*$!
{
	archiveVersion = 1;
	classes = {
	};
	objectVersion = 50;
	objects = {

/* Begin PBXBuildFile section */
		10232203A2DFD7542A497D78 /* Pods_NHK_now.framework in Frameworks */ = {isa = PBXBuildFile; fileRef = E3CD6E1D321C3D614C829F0F /* Pods_NHK_now.framework */; };
		D49EBF9E222AC1C800DD3782 /* AppDelegate.swift in Sources */ = {isa = PBXBuildFile; fileRef = D49EBF9D222AC1C800DD3782 /* AppDelegate.swift */; };
		D49EBFA0222AC1C800DD3782 /* ViewController.swift in Sources */ = {isa = PBXBuildFile; fileRef = D49EBF9F222AC1C800DD3782 /* ViewController.swift */; };
		D49EBFA3222AC1C800DD3782 /* Main.storyboard in Resources */ = {isa = PBXBuildFile; fileRef = D49EBFA1222AC1C800DD3782 /* Main.storyboard */; };
		D49EBFA5222AC1CB00DD3782 /* Assets.xcassets in Resources */ = {isa = PBXBuildFile; fileRef = D49EBFA4222AC1CB00DD3782 /* Assets.xcassets */; };
		D49EBFA8222AC1CB00DD3782 /* LaunchScreen.storyboard in Resources */ = {isa = PBXBuildFile; fileRef = D49EBFA6222AC1CB00DD3782 /* LaunchScreen.storyboard */; };
		D49EBFB0222AEEC500DD3782 /* ProgramViewController.swift in Sources */ = {isa = PBXBuildFile; fileRef = D49EBFAF222AEEC500DD3782 /* ProgramViewController.swift */; };
/* End PBXBuildFile section */

/* Begin PBXFileReference section */
		42572FFE71123F3B542B7821 /* Pods-NHK now.release.xcconfig */ = {isa = PBXFileReference; includeInIndex = 1; lastKnownFileType = text.xcconfig; name = "Pods-NHK now.release.xcconfig"; path = "Target Support Files/Pods-NHK now/Pods-NHK now.release.xcconfig"; sourceTree = "<group>"; };
		6A3DFA297AB542F18266912A /* Pods-NHK now.debug.xcconfig */ = {isa = PBXFileReference; includeInIndex = 1; lastKnownFileType = text.xcconfig; name = "Pods-NHK now.debug.xcconfig"; path = "Target Support Files/Pods-NHK now/Pods-NHK now.debug.xcconfig"; sourceTree = "<group>"; };
		D49EBF9A222AC1C800DD3782 /* NHK now.app */ = {isa = PBXFileReference; explicitFileType = wrapper.application; includeInIndex = 0; path = "NHK now.app"; sourceTree = BUILT_PRODUCTS_DIR; };
		D49EBF9D222AC1C800DD3782 /* AppDelegate.swift */ = {isa = PBXFileReference; lastKnownFileType = sourcecode.swift; path = AppDelegate.swift; sourceTree = "<group>"; };
		D49EBF9F222AC1C800DD3782 /* ViewController.swift */ = {isa = PBXFileReference; lastKnownFileType = sourcecode.swift; path = ViewController.swift; sourceTree = "<group>"; };
		D49EBFA2222AC1C800DD3782 /* Base */ = {isa = PBXFileReference; lastKnownFileType = file.storyboard; name = Base; path = Base.lproj/Main.storyboard; sourceTree = "<group>"; };
		D49EBFA4222AC1CB00DD3782 /* Assets.xcassets */ = {isa = PBXFileReference; lastKnownFileType = folder.assetcatalog; path = Assets.xcassets; sourceTree = "<group>"; };
		D49EBFA7222AC1CB00DD3782 /* Base */ = {isa = PBXFileReference; lastKnownFileType = file.storyboard; name = Base; path = Base.lproj/LaunchScreen.storyboard; sourceTree = "<group>"; };
		D49EBFA9222AC1CB00DD3782 /* Info.plist */ = {isa = PBXFileReference; lastKnownFileType = text.plist.xml; path = Info.plist; sourceTree = "<group>"; };
		D49EBFAF222AEEC500DD3782 /* ProgramViewController.swift */ = {isa = PBXFileReference; lastKnownFileType = sourcecode.swift; path = ProgramViewController.swift; sourceTree = "<group>"; };
		E3CD6E1D321C3D614C829F0F /* Pods_NHK_now.framework */ = {isa = PBXFileReference; explicitFileType = wrapper.framework; includeInIndex = 0; path = Pods_NHK_now.framework; sourceTree = BUILT_PRODUCTS_DIR; };
/* End PBXFileReference section */

/* Begin PBXFrameworksBuildPhase section */
		D49EBF97222AC1C800DD3782 /* Frameworks */ = {
			isa = PBXFrameworksBuildPhase;
			buildActionMask = 2147483647;
			files = (
				10232203A2DFD7542A497D78 /* Pods_NHK_now.framework in Frameworks */,
			);
			runOnlyForDeploymentPostprocessing = 0;
		};
/* End PBXFrameworksBuildPhase section */

/* Begin PBXGroup section */
		5F88F568731405DA7D0A3B79 /* Frameworks */ = {
			isa = PBXGroup;
			children = (
				E3CD6E1D321C3D614C829F0F /* Pods_NHK_now.framework */,
			);
			name = Frameworks;
			sourceTree = "<group>";
		};
		647E59E9C5986A5547614787 /* Pods */ = {
			isa = PBXGroup;
			children = (
				6A3DFA297AB542F18266912A /* Pods-NHK now.debug.xcconfig */,
				42572FFE71123F3B542B7821 /* Pods-NHK now.release.xcconfig */,
			);
			path = Pods;
			sourceTree = "<group>";
		};
		D49EBF91222AC1C800DD3782 = {
			isa = PBXGroup;
			children = (
				D49EBF9C222AC1C800DD3782 /* NHK now */,
				D49EBF9B222AC1C800DD3782 /* Products */,
				647E59E9C5986A5547614787 /* Pods */,
				5F88F568731405DA7D0A3B79 /* Frameworks */,
			);
			sourceTree = "<group>";
		};
		D49EBF9B222AC1C800DD3782 /* Products */ = {
			isa = PBXGroup;
			children = (
				D49EBF9A222AC1C800DD3782 /* NHK now.app */,
			);
			name = Products;
			sourceTree = "<group>";
		};
		D49EBF9C222AC1C800DD3782 /* NHK now */ = {
			isa = PBXGroup;
			children = (
				D49EBF9D222AC1C800DD3782 /* AppDelegate.swift */,
				D49EBF9F222AC1C800DD3782 /* ViewController.swift */,
				D49EBFA1222AC1C800DD3782 /* Main.storyboard */,
				D49EBFA4222AC1CB00DD3782 /* Assets.xcassets */,
				D49EBFA6222AC1CB00DD3782 /* LaunchScreen.storyboard */,
				D49EBFA9222AC1CB00DD3782 /* Info.plist */,
				D49EBFAF222AEEC500DD3782 /* ProgramViewController.swift */,
			);
			path = "NHK now";
			sourceTree = "<group>";
		};
/* End PBXGroup section */

/* Begin PBXNativeTarget section */
		D49EBF99222AC1C800DD3782 /* NHK now */ = {
			isa = PBXNativeTarget;
			buildConfigurationList = D49EBFAC222AC1CB00DD3782 /* Build configuration list for PBXNativeTarget "NHK now" */;
			buildPhases = (
				CF6BBEF3579EDD073BAF1181 /* [CP] Check Pods Manifest.lock */,
				D49EBF96222AC1C800DD3782 /* Sources */,
				D49EBF97222AC1C800DD3782 /* Frameworks */,
				D49EBF98222AC1C800DD3782 /* Resources */,
				6F71A9B402ECFA8E67000FC7 /* [CP] Embed Pods Frameworks */,
			);
			buildRules = (
			);
			dependencies = (
			);
			name = "NHK now";
			productName = "NHK now";
			productReference = D49EBF9A222AC1C800DD3782 /* NHK now.app */;
			productType = "com.apple.product-type.application";
		};
/* End PBXNativeTarget section */

/* Begin PBXProject section */
		D49EBF92222AC1C800DD3782 /* Project object */ = {
			isa = PBXProject;
			attributes = {
				LastSwiftUpdateCheck = 1010;
				LastUpgradeCheck = 1010;
				ORGANIZATIONNAME = "奥城健太郎";
				TargetAttributes = {
					D49EBF99222AC1C800DD3782 = {
						CreatedOnToolsVersion = 10.1;
					};
				};
			};
			buildConfigurationList = D49EBF95222AC1C800DD3782 /* Build configuration list for PBXProject "NHK now" */;
			compatibilityVersion = "Xcode 9.3";
			developmentRegion = en;
			hasScannedForEncodings = 0;
			knownRegions = (
				en,
				Base,
			);
			mainGroup = D49EBF91222AC1C800DD3782;
			productRefGroup = D49EBF9B222AC1C800DD3782 /* Products */;
			projectDirPath = "";
			projectRoot = "";
			targets = (
				D49EBF99222AC1C800DD3782 /* NHK now */,
			);
		};
/* End PBXProject section */

/* Begin PBXResourcesBuildPhase section */
		D49EBF98222AC1C800DD3782 /* Resources */ = {
			isa = PBXResourcesBuildPhase;
			buildActionMask = 2147483647;
			files = (
				D49EBFA8222AC1CB00DD3782 /* LaunchScreen.storyboard in Resources */,
				D49EBFA5222AC1CB00DD3782 /* Assets.xcassets in Resources */,
				D49EBFA3222AC1C800DD3782 /* Main.storyboard in Resources */,
			);
			runOnlyForDeploymentPostprocessing = 0;
		};
/* End PBXResourcesBuildPhase section */

/* Begin PBXShellScriptBuildPhase section */
		6F71A9B402ECFA8E67000FC7 /* [CP] Embed Pods Frameworks */ = {
			isa = PBXShellScriptBuildPhase;
			buildActionMask = 2147483647;
			files = (
			);
			inputFileListPaths = (
			);
			inputPaths = (
				"${PODS_ROOT}/Target Support Files/Pods-NHK now/Pods-NHK now-frameworks.sh",
				"${BUILT_PRODUCTS_DIR}/Alamofire/Alamofire.framework",
				"${BUILT_PRODUCTS_DIR}/SwiftyJSON/SwiftyJSON.framework",
			);
			name = "[CP] Embed Pods Frameworks";
			outputFileListPaths = (
			);
			outputPaths = (
				"${TARGET_BUILD_DIR}/${FRAMEWORKS_FOLDER_PATH}/Alamofire.framework",
				"${TARGET_BUILD_DIR}/${FRAMEWORKS_FOLDER_PATH}/SwiftyJSON.framework",
			);
			runOnlyForDeploymentPostprocessing = 0;
			shellPath = /bin/sh;
			shellScript = "\"${PODS_ROOT}/Target Support Files/Pods-NHK now/Pods-NHK now-frameworks.sh\"\n";
			showEnvVarsInLog = 0;
		};
		CF6BBEF3579EDD073BAF1181 /* [CP] Check Pods Manifest.lock */ = {
			isa = PBXShellScriptBuildPhase;
			buildActionMask = 2147483647;
			files = (
			);
			inputFileListPaths = (
			);
			inputPaths = (
				"${PODS_PODFILE_DIR_PATH}/Podfile.lock",
				"${PODS_ROOT}/Manifest.lock",
			);
			name = "[CP] Check Pods Manifest.lock";
			outputFileListPaths = (
			);
			outputPaths = (
				"$(DERIVED_FILE_DIR)/Pods-NHK now-checkManifestLockResult.txt",
			);
			runOnlyForDeploymentPostprocessing = 0;
			shellPath = /bin/sh;
			shellScript = "diff \"${PODS_PODFILE_DIR_PATH}/Podfile.lock\" \"${PODS_ROOT}/Manifest.lock\" > /dev/null\nif [ $? != 0 ] ; then\n    # print error to STDERR\n    echo \"error: The sandbox is not in sync with the Podfile.lock. Run 'pod install' or update your CocoaPods installation.\" >&2\n    exit 1\nfi\n# This output is used by Xcode 'outputs' to avoid re-running this script phase.\necho \"SUCCESS\" > \"${SCRIPT_OUTPUT_FILE_0}\"\n";
			showEnvVarsInLog = 0;
		};
/* End PBXShellScriptBuildPhase section */

/* Begin PBXSourcesBuildPhase section */
		D49EBF96222AC1C800DD3782 /* Sources */ = {
			isa = PBXSourcesBuildPhase;
			buildActionMask = 2147483647;
			files = (
				D49EBFA0222AC1C800DD3782 /* ViewController.swift in Sources */,
				D49EBF9E222AC1C800DD3782 /* AppDelegate.swift in Sources */,
				D49EBFB0222AEEC500DD3782 /* ProgramViewController.swift in Sources */,
			);
			runOnlyForDeploymentPostprocessing = 0;
		};
/* End PBXSourcesBuildPhase section */

/* Begin PBXVariantGroup section */
		D49EBFA1222AC1C800DD3782 /* Main.storyboard */ = {
			isa = PBXVariantGroup;
			children = (
				D49EBFA2222AC1C800DD3782 /* Base */,
			);
			name = Main.storyboard;
			sourceTree = "<group>";
		};
		D49EBFA6222AC1CB00DD3782 /* LaunchScreen.storyboard */ = {
			isa = PBXVariantGroup;
			children = (
				D49EBFA7222AC1CB00DD3782 /* Base */,
			);
			name = LaunchScreen.storyboard;
			sourceTree = "<group>";
		};
/* End PBXVariantGroup section */

/* Begin XCBuildConfiguration section */
		D49EBFAA222AC1CB00DD3782 /* Debug */ = {
			isa = XCBuildConfiguration;
			buildSettings = {
				ALWAYS_SEARCH_USER_PATHS = NO;
				CLANG_ANALYZER_NONNULL = YES;
				CLANG_ANALYZER_NUMBER_OBJECT_CONVERSION = YES_AGGRESSIVE;
				CLANG_CXX_LANGUAGE_STANDARD = "gnu++14";
				CLANG_CXX_LIBRARY = "libc++";
				CLANG_ENABLE_MODULES = YES;
				CLANG_ENABLE_OBJC_ARC = YES;
				CLANG_ENABLE_OBJC_WEAK = YES;
				CLANG_WARN_BLOCK_CAPTURE_AUTORELEASING = YES;
				CLANG_WARN_BOOL_CONVERSION = YES;
				CLANG_WARN_COMMA = YES;
				CLANG_WARN_CONSTANT_CONVERSION = YES;
				CLANG_WARN_DEPRECATED_OBJC_IMPLEMENTATIONS = YES;
				CLANG_WARN_DIRECT_OBJC_ISA_USAGE = YES_ERROR;
				CLANG_WARN_DOCUMENTATION_COMMENTS = YES;
				CLANG_WARN_EMPTY_BODY = YES;
				CLANG_WARN_ENUM_CONVERSION = YES;
				CLANG_WARN_INFINITE_RECURSION = YES;
				CLANG_WARN_INT_CONVERSION = YES;
				CLANG_WARN_NON_LITERAL_NULL_CONVERSION = YES;
				CLANG_WARN_OBJC_IMPLICIT_RETAIN_SELF = YES;
				CLANG_WARN_OBJC_LITERAL_CONVERSION = YES;
				CLANG_WARN_OBJC_ROOT_CLASS = YES_ERROR;
				CLANG_WARN_RANGE_LOOP_ANALYSIS = YES;
				CLANG_WARN_STRICT_PROTOTYPES = YES;
				CLANG_WARN_SUSPICIOUS_MOVE = YES;
				CLANG_WARN_UNGUARDED_AVAILABILITY = YES_AGGRESSIVE;
				CLANG_WARN_UNREACHABLE_CODE = YES;
				CLANG_WARN__DUPLICATE_METHOD_MATCH = YES;
				CODE_SIGN_IDENTITY = "iPhone Developer";
				COPY_PHASE_STRIP = NO;
				DEBUG_INFORMATION_FORMAT = dwarf;
				ENABLE_STRICT_OBJC_MSGSEND = YES;
				ENABLE_TESTABILITY = YES;
				GCC_C_LANGUAGE_STANDARD = gnu11;
				GCC_DYNAMIC_NO_PIC = NO;
				GCC_NO_COMMON_BLOCKS = YES;
				GCC_OPTIMIZATION_LEVEL = 0;
				GCC_PREPROCESSOR_DEFINITIONS = (
					"DEBUG=1",
					"$(inherited)",
				);
				GCC_WARN_64_TO_32_BIT_CONVERSION = YES;
				GCC_WARN_ABOUT_RETURN_TYPE = YES_ERROR;
				GCC_WARN_UNDECLARED_SELECTOR = YES;
				GCC_WARN_UNINITIALIZED_AUTOS = YES_AGGRESSIVE;
				GCC_WARN_UNUSED_FUNCTION = YES;
				GCC_WARN_UNUSED_VARIABLE = YES;
				IPHONEOS_DEPLOYMENT_TARGET = 12.1;
				MTL_ENABLE_DEBUG_INFO = INCLUDE_SOURCE;
				MTL_FAST_MATH = YES;
				ONLY_ACTIVE_ARCH = YES;
				SDKROOT = iphoneos;
				SWIFT_ACTIVE_COMPILATION_CONDITIONS = DEBUG;
				SWIFT_OPTIMIZATION_LEVEL = "-Onone";
			};
			name = Debug;
		};
		D49EBFAB222AC1CB00DD3782 /* Release */ = {
			isa = XCBuildConfiguration;
			buildSettings = {
				ALWAYS_SEARCH_USER_PATHS = NO;
				CLANG_ANALYZER_NONNULL = YES;
				CLANG_ANALYZER_NUMBER_OBJECT_CONVERSION = YES_AGGRESSIVE;
				CLANG_CXX_LANGUAGE_STANDARD = "gnu++14";
				CLANG_CXX_LIBRARY = "libc++";
				CLANG_ENABLE_MODULES = YES;
				CLANG_ENABLE_OBJC_ARC = YES;
				CLANG_ENABLE_OBJC_WEAK = YES;
				CLANG_WARN_BLOCK_CAPTURE_AUTORELEASING = YES;
				CLANG_WARN_BOOL_CONVERSION = YES;
				CLANG_WARN_COMMA = YES;
				CLANG_WARN_CONSTANT_CONVERSION = YES;
				CLANG_WARN_DEPRECATED_OBJC_IMPLEMENTATIONS = YES;
				CLANG_WARN_DIRECT_OBJC_ISA_USAGE = YES_ERROR;
				CLANG_WARN_DOCUMENTATION_COMMENTS = YES;
				CLANG_WARN_EMPTY_BODY = YES;
				CLANG_WARN_ENUM_CONVERSION = YES;
				CLANG_WARN_INFINITE_RECURSION = YES;
				CLANG_WARN_INT_CONVERSION = YES;
				CLANG_WARN_NON_LITERAL_NULL_CONVERSION = YES;
				CLANG_WARN_OBJC_IMPLICIT_RETAIN_SELF = YES;
				CLANG_WARN_OBJC_LITERAL_CONVERSION = YES;
				CLANG_WARN_OBJC_ROOT_CLASS = YES_ERROR;
				CLANG_WARN_RANGE_LOOP_ANALYSIS = YES;
				CLANG_WARN_STRICT_PROTOTYPES = YES;
				CLANG_WARN_SUSPICIOUS_MOVE = YES;
				CLANG_WARN_UNGUARDED_AVAILABILITY = YES_AGGRESSIVE;
				CLANG_WARN_UNREACHABLE_CODE = YES;
				CLANG_WARN__DUPLICATE_METHOD_MATCH = YES;
				CODE_SIGN_IDENTITY = "iPhone Developer";
				COPY_PHASE_STRIP = NO;
				DEBUG_INFORMATION_FORMAT = "dwarf-with-dsym";
				ENABLE_NS_ASSERTIONS = NO;
				ENABLE_STRICT_OBJC_MSGSEND = YES;
				GCC_C_LANGUAGE_STANDARD = gnu11;
				GCC_NO_COMMON_BLOCKS = YES;
				GCC_WARN_64_TO_32_BIT_CONVERSION = YES;
				GCC_WARN_ABOUT_RETURN_TYPE = YES_ERROR;
				GCC_WARN_UNDECLARED_SELECTOR = YES;
				GCC_WARN_UNINITIALIZED_AUTOS = YES_AGGRESSIVE;
				GCC_WARN_UNUSED_FUNCTION = YES;
				GCC_WARN_UNUSED_VARIABLE = YES;
				IPHONEOS_DEPLOYMENT_TARGET = 12.1;
				MTL_ENABLE_DEBUG_INFO = NO;
				MTL_FAST_MATH = YES;
				SDKROOT = iphoneos;
				SWIFT_COMPILATION_MODE = wholemodule;
				SWIFT_OPTIMIZATION_LEVEL = "-O";
				VALIDATE_PRODUCT = YES;
			};
			name = Release;
		};
		D49EBFAD222AC1CB00DD3782 /* Debug */ = {
			isa = XCBuildConfiguration;
			baseConfigurationReference = 6A3DFA297AB542F18266912A /* Pods-NHK now.debug.xcconfig */;
			buildSettings = {
				ASSETCATALOG_COMPILER_APPICON_NAME = AppIcon;
				CODE_SIGN_STYLE = Automatic;
				DEVELOPMENT_TEAM = 3U6UDFBN33;
				INFOPLIST_FILE = "NHK now/Info.plist";
				LD_RUNPATH_SEARCH_PATHS = (
					"$(inherited)",
					"@executable_path/Frameworks",
				);
				PRODUCT_BUNDLE_IDENTIFIER = "okushiro.NHK-now";
				PRODUCT_NAME = "$(TARGET_NAME)";
				SWIFT_VERSION = 4.2;
				TARGETED_DEVICE_FAMILY = "1,2";
			};
			name = Debug;
		};
		D49EBFAE222AC1CB00DD3782 /* Release */ = {
			isa = XCBuildConfiguration;
			baseConfigurationReference = 42572FFE71123F3B542B7821 /* Pods-NHK now.release.xcconfig */;
			buildSettings = {
				ASSETCATALOG_COMPILER_APPICON_NAME = AppIcon;
				CODE_SIGN_STYLE = Automatic;
				DEVELOPMENT_TEAM = 3U6UDFBN33;
				INFOPLIST_FILE = "NHK now/Info.plist";
				LD_RUNPATH_SEARCH_PATHS = (
					"$(inherited)",
					"@executable_path/Frameworks",
				);
				PRODUCT_BUNDLE_IDENTIFIER = "okushiro.NHK-now";
				PRODUCT_NAME = "$(TARGET_NAME)";
				SWIFT_VERSION = 4.2;
				TARGETED_DEVICE_FAMILY = "1,2";
			};
			name = Release;
		};
/* End XCBuildConfiguration section */

/* Begin XCConfigurationList section */
		D49EBF95222AC1C800DD3782 /* Build configuration list for PBXProject "NHK now" */ = {
			isa = XCConfigurationList;
			buildConfigurations = (
				D49EBFAA222AC1CB00DD3782 /* Debug */,
				D49EBFAB222AC1CB00DD3782 /* Release */,
			);
			defaultConfigurationIsVisible = 0;
			defaultConfigurationName = Release;
		};
		D49EBFAC222AC1CB00DD3782 /* Build configuration list for PBXNativeTarget "NHK now" */ = {
			isa = XCConfigurationList;
			buildConfigurations = (
				D49EBFAD222AC1CB00DD3782 /* Debug */,
				D49EBFAE222AC1CB00DD3782 /* Release */,
			);
			defaultConfigurationIsVisible = 0;
			defaultConfigurationName = Release;
		};
/* End XCConfigurationList section */
	};
	rootObject = D49EBF92222AC1C800DD3782 /* Project object */;
}
